// !$*UTF8*$!
{
	archiveVersion = 1;
	classes = {
	};
	objectVersion = 50;
	objects = {

/* Begin PBXBuildFile section */
		06149F0D20BCE0F6009BCF58 /* BlockTwinkle.swift in Sources */ = {isa = PBXBuildFile; fileRef = 06149F0C20BCE0F6009BCF58 /* BlockTwinkle.swift */; };
		06149F0F20C0EEA1009BCF58 /* EnterLevelPopup.swift in Sources */ = {isa = PBXBuildFile; fileRef = 06149F0E20C0EEA1009BCF58 /* EnterLevelPopup.swift */; };
		061AF51220D5FFF200F459A2 /* Extensions.swift in Sources */ = {isa = PBXBuildFile; fileRef = 061AF51120D5FFF200F459A2 /* Extensions.swift */; };
		061AF51420D6058000F459A2 /* Effects.swift in Sources */ = {isa = PBXBuildFile; fileRef = 061AF51320D6058000F459A2 /* Effects.swift */; };
		061AF51620D9EC4100F459A2 /* SuccessView.swift in Sources */ = {isa = PBXBuildFile; fileRef = 061AF51520D9EC4100F459A2 /* SuccessView.swift */; };
		061AF51820DB1CB600F459A2 /* EasterEggController.swift in Sources */ = {isa = PBXBuildFile; fileRef = 061AF51720DB1CB600F459A2 /* EasterEggController.swift */; };
		061AF51A20DB4B9B00F459A2 /* FindBuckController.swift in Sources */ = {isa = PBXBuildFile; fileRef = 061AF51920DB4B9B00F459A2 /* FindBuckController.swift */; };
		0661094F20D4C190001C30A8 /* sparkle.wav in Resources */ = {isa = PBXBuildFile; fileRef = 0661094B20D4C190001C30A8 /* sparkle.wav */; };
		0661095020D4C190001C30A8 /* slide1.wav in Resources */ = {isa = PBXBuildFile; fileRef = 0661094C20D4C190001C30A8 /* slide1.wav */; };
		0661095120D4C190001C30A8 /* defaultButton.wav in Resources */ = {isa = PBXBuildFile; fileRef = 0661094D20D4C190001C30A8 /* defaultButton.wav */; };
		0661095220D4C190001C30A8 /* slide2.wav in Resources */ = {isa = PBXBuildFile; fileRef = 0661094E20D4C190001C30A8 /* slide2.wav */; };
		0661095420D4C204001C30A8 /* Gotham-Bold.ttf in Resources */ = {isa = PBXBuildFile; fileRef = 0661095320D4C204001C30A8 /* Gotham-Bold.ttf */; };
		0661095620D5D566001C30A8 /* MyFileManager.swift in Sources */ = {isa = PBXBuildFile; fileRef = 0661095520D5D566001C30A8 /* MyFileManager.swift */; };
		0661095820D5DC52001C30A8 /* MyUser.swift in Sources */ = {isa = PBXBuildFile; fileRef = 0661095720D5DC52001C30A8 /* MyUser.swift */; };
		066BCD6420CCC42E00A46E0C /* BlockConfig.swift in Sources */ = {isa = PBXBuildFile; fileRef = 066BCD6320CCC42E00A46E0C /* BlockConfig.swift */; };
		066BCD6620CD8E0F00A46E0C /* ExitLevelPopup.swift in Sources */ = {isa = PBXBuildFile; fileRef = 066BCD6520CD8E0F00A46E0C /* ExitLevelPopup.swift */; };
		066BCD6820CD9D6400A46E0C /* TutorialController.swift in Sources */ = {isa = PBXBuildFile; fileRef = 066BCD6720CD9D6400A46E0C /* TutorialController.swift */; };
		066BCD6A20CD9D9200A46E0C /* TutorialView.swift in Sources */ = {isa = PBXBuildFile; fileRef = 066BCD6920CD9D9200A46E0C /* TutorialView.swift */; };
		0698324520B39E0D00F0CC52 /* ButtonView.swift in Sources */ = {isa = PBXBuildFile; fileRef = 0698324420B39E0D00F0CC52 /* ButtonView.swift */; };
		0698324720B39E6600F0CC52 /* ViewConfig.swift in Sources */ = {isa = PBXBuildFile; fileRef = 0698324620B39E6600F0CC52 /* ViewConfig.swift */; };
		0698324920B3B4BB00F0CC52 /* ObjectiveView.swift in Sources */ = {isa = PBXBuildFile; fileRef = 0698324820B3B4BB00F0CC52 /* ObjectiveView.swift */; };
		0698324E20B5076700F0CC52 /* SingleObjective.swift in Sources */ = {isa = PBXBuildFile; fileRef = 0698324D20B5076700F0CC52 /* SingleObjective.swift */; };
		0698325020B6E7A200F0CC52 /* ObjectiveModel.swift in Sources */ = {isa = PBXBuildFile; fileRef = 0698324F20B6E7A200F0CC52 /* ObjectiveModel.swift */; };
		0698325220BAE81100F0CC52 /* Search.swift in Sources */ = {isa = PBXBuildFile; fileRef = 0698325120BAE81100F0CC52 /* Search.swift */; };
		0698325420BC402700F0CC52 /* LevelsView.swift in Sources */ = {isa = PBXBuildFile; fileRef = 0698325320BC402700F0CC52 /* LevelsView.swift */; };
		06BB07D820A7D08C00895113 /* AppDelegate.swift in Sources */ = {isa = PBXBuildFile; fileRef = 06BB07D720A7D08C00895113 /* AppDelegate.swift */; };
		06BB07DE20A7D08C00895113 /* GameScene.swift in Sources */ = {isa = PBXBuildFile; fileRef = 06BB07DD20A7D08C00895113 /* GameScene.swift */; };
		06BB07E020A7D08C00895113 /* GameViewController.swift in Sources */ = {isa = PBXBuildFile; fileRef = 06BB07DF20A7D08C00895113 /* GameViewController.swift */; };
		06BB07E520A7D08E00895113 /* Assets.xcassets in Resources */ = {isa = PBXBuildFile; fileRef = 06BB07E420A7D08E00895113 /* Assets.xcassets */; };
		06BB07F120A7D11E00895113 /* Model.xcdatamodeld in Sources */ = {isa = PBXBuildFile; fileRef = 06BB07EF20A7D11E00895113 /* Model.xcdatamodeld */; };
		06BB07F320A7D8C000895113 /* GameView.swift in Sources */ = {isa = PBXBuildFile; fileRef = 06BB07F220A7D8C000895113 /* GameView.swift */; };
		06DFE61620A90D9200633D78 /* Block.swift in Sources */ = {isa = PBXBuildFile; fileRef = 06DFE61520A90D9200633D78 /* Block.swift */; };
		06DFE61820A9110600633D78 /* Game.swift in Sources */ = {isa = PBXBuildFile; fileRef = 06DFE61720A9110600633D78 /* Game.swift */; };
		06DFE61A20A9144700633D78 /* Constant.swift in Sources */ = {isa = PBXBuildFile; fileRef = 06DFE61920A9144700633D78 /* Constant.swift */; };
		06DFE61C20A9239900633D78 /* LevelsViewController.swift in Sources */ = {isa = PBXBuildFile; fileRef = 06DFE61B20A9239900633D78 /* LevelsViewController.swift */; };
		06DFE61E20A9283700633D78 /* Levels.swift in Sources */ = {isa = PBXBuildFile; fileRef = 06DFE61D20A9283700633D78 /* Levels.swift */; };
		C8250A3354B79A57717984F5 /* Pods_BlueBuck.framework in Frameworks */ = {isa = PBXBuildFile; fileRef = 6857CB62CCD594193892B685 /* Pods_BlueBuck.framework */; };
/* End PBXBuildFile section */

/* Begin PBXFileReference section */
		06149F0C20BCE0F6009BCF58 /* BlockTwinkle.swift */ = {isa = PBXFileReference; lastKnownFileType = sourcecode.swift; path = BlockTwinkle.swift; sourceTree = "<group>"; };
		06149F0E20C0EEA1009BCF58 /* EnterLevelPopup.swift */ = {isa = PBXFileReference; lastKnownFileType = sourcecode.swift; path = EnterLevelPopup.swift; sourceTree = "<group>"; };
		061AF51120D5FFF200F459A2 /* Extensions.swift */ = {isa = PBXFileReference; lastKnownFileType = sourcecode.swift; path = Extensions.swift; sourceTree = "<group>"; };
		061AF51320D6058000F459A2 /* Effects.swift */ = {isa = PBXFileReference; lastKnownFileType = sourcecode.swift; path = Effects.swift; sourceTree = "<group>"; };
		061AF51520D9EC4100F459A2 /* SuccessView.swift */ = {isa = PBXFileReference; lastKnownFileType = sourcecode.swift; path = SuccessView.swift; sourceTree = "<group>"; };
		061AF51720DB1CB600F459A2 /* EasterEggController.swift */ = {isa = PBXFileReference; lastKnownFileType = sourcecode.swift; path = EasterEggController.swift; sourceTree = "<group>"; };
		061AF51920DB4B9B00F459A2 /* FindBuckController.swift */ = {isa = PBXFileReference; lastKnownFileType = sourcecode.swift; path = FindBuckController.swift; sourceTree = "<group>"; };
		0661094B20D4C190001C30A8 /* sparkle.wav */ = {isa = PBXFileReference; lastKnownFileType = audio.wav; path = sparkle.wav; sourceTree = "<group>"; };
		0661094C20D4C190001C30A8 /* slide1.wav */ = {isa = PBXFileReference; lastKnownFileType = audio.wav; path = slide1.wav; sourceTree = "<group>"; };
		0661094D20D4C190001C30A8 /* defaultButton.wav */ = {isa = PBXFileReference; lastKnownFileType = audio.wav; path = defaultButton.wav; sourceTree = "<group>"; };
		0661094E20D4C190001C30A8 /* slide2.wav */ = {isa = PBXFileReference; lastKnownFileType = audio.wav; path = slide2.wav; sourceTree = "<group>"; };
		0661095320D4C204001C30A8 /* Gotham-Bold.ttf */ = {isa = PBXFileReference; lastKnownFileType = file; path = "Gotham-Bold.ttf"; sourceTree = "<group>"; };
		0661095520D5D566001C30A8 /* MyFileManager.swift */ = {isa = PBXFileReference; lastKnownFileType = sourcecode.swift; path = MyFileManager.swift; sourceTree = "<group>"; };
		0661095720D5DC52001C30A8 /* MyUser.swift */ = {isa = PBXFileReference; lastKnownFileType = sourcecode.swift; path = MyUser.swift; sourceTree = "<group>"; };
		066BCD6320CCC42E00A46E0C /* BlockConfig.swift */ = {isa = PBXFileReference; lastKnownFileType = sourcecode.swift; path = BlockConfig.swift; sourceTree = "<group>"; };
		066BCD6520CD8E0F00A46E0C /* ExitLevelPopup.swift */ = {isa = PBXFileReference; lastKnownFileType = sourcecode.swift; path = ExitLevelPopup.swift; sourceTree = "<group>"; };
		066BCD6720CD9D6400A46E0C /* TutorialController.swift */ = {isa = PBXFileReference; lastKnownFileType = sourcecode.swift; path = TutorialController.swift; sourceTree = "<group>"; };
		066BCD6920CD9D9200A46E0C /* TutorialView.swift */ = {isa = PBXFileReference; lastKnownFileType = sourcecode.swift; path = TutorialView.swift; sourceTree = "<group>"; };
		0698324420B39E0D00F0CC52 /* ButtonView.swift */ = {isa = PBXFileReference; lastKnownFileType = sourcecode.swift; path = ButtonView.swift; sourceTree = "<group>"; };
		0698324620B39E6600F0CC52 /* ViewConfig.swift */ = {isa = PBXFileReference; lastKnownFileType = sourcecode.swift; path = ViewConfig.swift; sourceTree = "<group>"; };
		0698324820B3B4BB00F0CC52 /* ObjectiveView.swift */ = {isa = PBXFileReference; lastKnownFileType = sourcecode.swift; path = ObjectiveView.swift; sourceTree = "<group>"; };
		0698324D20B5076700F0CC52 /* SingleObjective.swift */ = {isa = PBXFileReference; lastKnownFileType = sourcecode.swift; path = SingleObjective.swift; sourceTree = "<group>"; };
		0698324F20B6E7A200F0CC52 /* ObjectiveModel.swift */ = {isa = PBXFileReference; lastKnownFileType = sourcecode.swift; path = ObjectiveModel.swift; sourceTree = "<group>"; };
		0698325120BAE81100F0CC52 /* Search.swift */ = {isa = PBXFileReference; lastKnownFileType = sourcecode.swift; path = Search.swift; sourceTree = "<group>"; };
		0698325320BC402700F0CC52 /* LevelsView.swift */ = {isa = PBXFileReference; lastKnownFileType = sourcecode.swift; path = LevelsView.swift; sourceTree = "<group>"; };
		06BB07D420A7D08C00895113 /* BlueBuck.app */ = {isa = PBXFileReference; explicitFileType = wrapper.application; includeInIndex = 0; path = BlueBuck.app; sourceTree = BUILT_PRODUCTS_DIR; };
		06BB07D720A7D08C00895113 /* AppDelegate.swift */ = {isa = PBXFileReference; lastKnownFileType = sourcecode.swift; path = AppDelegate.swift; sourceTree = "<group>"; };
		06BB07DD20A7D08C00895113 /* GameScene.swift */ = {isa = PBXFileReference; lastKnownFileType = sourcecode.swift; path = GameScene.swift; sourceTree = "<group>"; };
		06BB07DF20A7D08C00895113 /* GameViewController.swift */ = {isa = PBXFileReference; lastKnownFileType = sourcecode.swift; path = GameViewController.swift; sourceTree = "<group>"; };
		06BB07E420A7D08E00895113 /* Assets.xcassets */ = {isa = PBXFileReference; lastKnownFileType = folder.assetcatalog; path = Assets.xcassets; sourceTree = "<group>"; };
		06BB07E920A7D08E00895113 /* Info.plist */ = {isa = PBXFileReference; lastKnownFileType = text.plist.xml; path = Info.plist; sourceTree = "<group>"; };
		06BB07F020A7D11E00895113 /* Model.xcdatamodel */ = {isa = PBXFileReference; lastKnownFileType = wrapper.xcdatamodel; path = Model.xcdatamodel; sourceTree = "<group>"; };
		06BB07F220A7D8C000895113 /* GameView.swift */ = {isa = PBXFileReference; lastKnownFileType = sourcecode.swift; path = GameView.swift; sourceTree = "<group>"; };
		06DFE61520A90D9200633D78 /* Block.swift */ = {isa = PBXFileReference; lastKnownFileType = sourcecode.swift; path = Block.swift; sourceTree = "<group>"; };
		06DFE61720A9110600633D78 /* Game.swift */ = {isa = PBXFileReference; lastKnownFileType = sourcecode.swift; path = Game.swift; sourceTree = "<group>"; };
		06DFE61920A9144700633D78 /* Constant.swift */ = {isa = PBXFileReference; lastKnownFileType = sourcecode.swift; path = Constant.swift; sourceTree = "<group>"; };
		06DFE61B20A9239900633D78 /* LevelsViewController.swift */ = {isa = PBXFileReference; lastKnownFileType = sourcecode.swift; path = LevelsViewController.swift; sourceTree = "<group>"; };
		06DFE61D20A9283700633D78 /* Levels.swift */ = {isa = PBXFileReference; lastKnownFileType = sourcecode.swift; path = Levels.swift; sourceTree = "<group>"; };
		6857CB62CCD594193892B685 /* Pods_BlueBuck.framework */ = {isa = PBXFileReference; explicitFileType = wrapper.framework; includeInIndex = 0; path = Pods_BlueBuck.framework; sourceTree = BUILT_PRODUCTS_DIR; };
		B3BFB845D5D766F461457524 /* Pods-BlueBuck.debug.xcconfig */ = {isa = PBXFileReference; includeInIndex = 1; lastKnownFileType = text.xcconfig; name = "Pods-BlueBuck.debug.xcconfig"; path = "Pods/Target Support Files/Pods-BlueBuck/Pods-BlueBuck.debug.xcconfig"; sourceTree = "<group>"; };
		BD4CBB0F9B782CB77B18F036 /* Pods-BlueBuck.release.xcconfig */ = {isa = PBXFileReference; includeInIndex = 1; lastKnownFileType = text.xcconfig; name = "Pods-BlueBuck.release.xcconfig"; path = "Pods/Target Support Files/Pods-BlueBuck/Pods-BlueBuck.release.xcconfig"; sourceTree = "<group>"; };
/* End PBXFileReference section */

/* Begin PBXFrameworksBuildPhase section */
		06BB07D120A7D08C00895113 /* Frameworks */ = {
			isa = PBXFrameworksBuildPhase;
			buildActionMask = 2147483647;
			files = (
				C8250A3354B79A57717984F5 /* Pods_BlueBuck.framework in Frameworks */,
			);
			runOnlyForDeploymentPostprocessing = 0;
		};
/* End PBXFrameworksBuildPhase section */

/* Begin PBXGroup section */
		008E101D0F8AC522B690CECD /* Pods */ = {
			isa = PBXGroup;
			children = (
				B3BFB845D5D766F461457524 /* Pods-BlueBuck.debug.xcconfig */,
				BD4CBB0F9B782CB77B18F036 /* Pods-BlueBuck.release.xcconfig */,
			);
			name = Pods;
			sourceTree = "<group>";
		};
		06395AD5D9962E4BBDAFE90B /* Frameworks */ = {
			isa = PBXGroup;
			children = (
				6857CB62CCD594193892B685 /* Pods_BlueBuck.framework */,
			);
			name = Frameworks;
			sourceTree = "<group>";
		};
		0698324C20B5065E00F0CC52 /* View */ = {
			isa = PBXGroup;
			children = (
				0698324420B39E0D00F0CC52 /* ButtonView.swift */,
				0698324820B3B4BB00F0CC52 /* ObjectiveView.swift */,
				0698324D20B5076700F0CC52 /* SingleObjective.swift */,
				0698325320BC402700F0CC52 /* LevelsView.swift */,
				06149F0C20BCE0F6009BCF58 /* BlockTwinkle.swift */,
				06149F0E20C0EEA1009BCF58 /* EnterLevelPopup.swift */,
				066BCD6520CD8E0F00A46E0C /* ExitLevelPopup.swift */,
				066BCD6920CD9D9200A46E0C /* TutorialView.swift */,
				061AF51520D9EC4100F459A2 /* SuccessView.swift */,
			);
			path = View;
			sourceTree = "<group>";
		};
		06BB07CB20A7D08C00895113 = {
			isa = PBXGroup;
			children = (
				06BB07D620A7D08C00895113 /* BlueBuck */,
				06BB07D520A7D08C00895113 /* Products */,
				008E101D0F8AC522B690CECD /* Pods */,
				06395AD5D9962E4BBDAFE90B /* Frameworks */,
			);
			sourceTree = "<group>";
		};
		06BB07D520A7D08C00895113 /* Products */ = {
			isa = PBXGroup;
			children = (
				06BB07D420A7D08C00895113 /* BlueBuck.app */,
			);
			name = Products;
			sourceTree = "<group>";
		};
		06BB07D620A7D08C00895113 /* BlueBuck */ = {
			isa = PBXGroup;
			children = (
				0698324C20B5065E00F0CC52 /* View */,
				0661094D20D4C190001C30A8 /* defaultButton.wav */,
				0661094C20D4C190001C30A8 /* slide1.wav */,
				0661094E20D4C190001C30A8 /* slide2.wav */,
				0661094B20D4C190001C30A8 /* sparkle.wav */,
				0661095320D4C204001C30A8 /* Gotham-Bold.ttf */,
				06BB07F220A7D8C000895113 /* GameView.swift */,
				06BB07D720A7D08C00895113 /* AppDelegate.swift */,
				06BB07DD20A7D08C00895113 /* GameScene.swift */,
				06DFE61B20A9239900633D78 /* LevelsViewController.swift */,
				06BB07DF20A7D08C00895113 /* GameViewController.swift */,
				061AF51720DB1CB600F459A2 /* EasterEggController.swift */,
				061AF51920DB4B9B00F459A2 /* FindBuckController.swift */,
				06BB07E420A7D08E00895113 /* Assets.xcassets */,
				06BB07E920A7D08E00895113 /* Info.plist */,
				06BB07EF20A7D11E00895113 /* Model.xcdatamodeld */,
				06DFE61520A90D9200633D78 /* Block.swift */,
				06DFE61720A9110600633D78 /* Game.swift */,
				06DFE61920A9144700633D78 /* Constant.swift */,
				06DFE61D20A9283700633D78 /* Levels.swift */,
				0698324620B39E6600F0CC52 /* ViewConfig.swift */,
				0698324F20B6E7A200F0CC52 /* ObjectiveModel.swift */,
				0698325120BAE81100F0CC52 /* Search.swift */,
				066BCD6320CCC42E00A46E0C /* BlockConfig.swift */,
				066BCD6720CD9D6400A46E0C /* TutorialController.swift */,
				0661095520D5D566001C30A8 /* MyFileManager.swift */,
				0661095720D5DC52001C30A8 /* MyUser.swift */,
				061AF51120D5FFF200F459A2 /* Extensions.swift */,
				061AF51320D6058000F459A2 /* Effects.swift */,
			);
			path = BlueBuck;
			sourceTree = "<group>";
		};
/* End PBXGroup section */

/* Begin PBXNativeTarget section */
		06BB07D320A7D08C00895113 /* BlueBuck */ = {
			isa = PBXNativeTarget;
			buildConfigurationList = 06BB07EC20A7D08E00895113 /* Build configuration list for PBXNativeTarget "BlueBuck" */;
			buildPhases = (
				CBD6F26BCA2BB562AEEBA4B1 /* [CP] Check Pods Manifest.lock */,
				06BB07D020A7D08C00895113 /* Sources */,
				06BB07D120A7D08C00895113 /* Frameworks */,
				06BB07D220A7D08C00895113 /* Resources */,
				7117EA484BB31B406A373FC5 /* [CP] Embed Pods Frameworks */,
			);
			buildRules = (
			);
			dependencies = (
			);
			name = BlueBuck;
			productName = BlueBuck;
			productReference = 06BB07D420A7D08C00895113 /* BlueBuck.app */;
			productType = "com.apple.product-type.application";
		};
/* End PBXNativeTarget section */

/* Begin PBXProject section */
		06BB07CC20A7D08C00895113 /* Project object */ = {
			isa = PBXProject;
			attributes = {
				LastSwiftUpdateCheck = 0930;
				LastUpgradeCheck = 0930;
				ORGANIZATIONNAME = "Aaron Halvorsen";
				TargetAttributes = {
					06BB07D320A7D08C00895113 = {
						CreatedOnToolsVersion = 9.3;
					};
				};
			};
			buildConfigurationList = 06BB07CF20A7D08C00895113 /* Build configuration list for PBXProject "BlueBuck" */;
			compatibilityVersion = "Xcode 9.3";
			developmentRegion = en;
			hasScannedForEncodings = 0;
			knownRegions = (
				en,
				Base,
			);
			mainGroup = 06BB07CB20A7D08C00895113;
			productRefGroup = 06BB07D520A7D08C00895113 /* Products */;
			projectDirPath = "";
			projectRoot = "";
			targets = (
				06BB07D320A7D08C00895113 /* BlueBuck */,
			);
		};
/* End PBXProject section */

/* Begin PBXResourcesBuildPhase section */
		06BB07D220A7D08C00895113 /* Resources */ = {
			isa = PBXResourcesBuildPhase;
			buildActionMask = 2147483647;
			files = (
				0661095220D4C190001C30A8 /* slide2.wav in Resources */,
				06BB07E520A7D08E00895113 /* Assets.xcassets in Resources */,
				0661095020D4C190001C30A8 /* slide1.wav in Resources */,
				0661095420D4C204001C30A8 /* Gotham-Bold.ttf in Resources */,
				0661095120D4C190001C30A8 /* defaultButton.wav in Resources */,
				0661094F20D4C190001C30A8 /* sparkle.wav in Resources */,
			);
			runOnlyForDeploymentPostprocessing = 0;
		};
/* End PBXResourcesBuildPhase section */

/* Begin PBXShellScriptBuildPhase section */
		7117EA484BB31B406A373FC5 /* [CP] Embed Pods Frameworks */ = {
			isa = PBXShellScriptBuildPhase;
			buildActionMask = 2147483647;
			files = (
			);
			inputPaths = (
				"${SRCROOT}/Pods/Target Support Files/Pods-BlueBuck/Pods-BlueBuck-frameworks.sh",
				"${BUILT_PRODUCTS_DIR}/GCHelper/GCHelper.framework",
				"${BUILT_PRODUCTS_DIR}/SwiftySound/SwiftySound.framework",
				"${BUILT_PRODUCTS_DIR}/SwiftyStoreKit/SwiftyStoreKit.framework",
			);
			name = "[CP] Embed Pods Frameworks";
			outputPaths = (
				"${TARGET_BUILD_DIR}/${FRAMEWORKS_FOLDER_PATH}/GCHelper.framework",
				"${TARGET_BUILD_DIR}/${FRAMEWORKS_FOLDER_PATH}/SwiftySound.framework",
				"${TARGET_BUILD_DIR}/${FRAMEWORKS_FOLDER_PATH}/SwiftyStoreKit.framework",
			);
			runOnlyForDeploymentPostprocessing = 0;
			shellPath = /bin/sh;
			shellScript = "\"${SRCROOT}/Pods/Target Support Files/Pods-BlueBuck/Pods-BlueBuck-frameworks.sh\"\n";
			showEnvVarsInLog = 0;
		};
		CBD6F26BCA2BB562AEEBA4B1 /* [CP] Check Pods Manifest.lock */ = {
			isa = PBXShellScriptBuildPhase;
			buildActionMask = 2147483647;
			files = (
			);
			inputPaths = (
				"${PODS_PODFILE_DIR_PATH}/Podfile.lock",
				"${PODS_ROOT}/Manifest.lock",
			);
			name = "[CP] Check Pods Manifest.lock";
			outputPaths = (
				"$(DERIVED_FILE_DIR)/Pods-BlueBuck-checkManifestLockResult.txt",
			);
			runOnlyForDeploymentPostprocessing = 0;
			shellPath = /bin/sh;
			shellScript = "diff \"${PODS_PODFILE_DIR_PATH}/Podfile.lock\" \"${PODS_ROOT}/Manifest.lock\" > /dev/null\nif [ $? != 0 ] ; then\n    # print error to STDERR\n    echo \"error: The sandbox is not in sync with the Podfile.lock. Run 'pod install' or update your CocoaPods installation.\" >&2\n    exit 1\nfi\n# This output is used by Xcode 'outputs' to avoid re-running this script phase.\necho \"SUCCESS\" > \"${SCRIPT_OUTPUT_FILE_0}\"\n";
			showEnvVarsInLog = 0;
		};
/* End PBXShellScriptBuildPhase section */

/* Begin PBXSourcesBuildPhase section */
		06BB07D020A7D08C00895113 /* Sources */ = {
			isa = PBXSourcesBuildPhase;
			buildActionMask = 2147483647;
			files = (
				06149F0F20C0EEA1009BCF58 /* EnterLevelPopup.swift in Sources */,
				0698324520B39E0D00F0CC52 /* ButtonView.swift in Sources */,
				0698324720B39E6600F0CC52 /* ViewConfig.swift in Sources */,
				0661095820D5DC52001C30A8 /* MyUser.swift in Sources */,
				0698325020B6E7A200F0CC52 /* ObjectiveModel.swift in Sources */,
				06DFE61E20A9283700633D78 /* Levels.swift in Sources */,
				066BCD6620CD8E0F00A46E0C /* ExitLevelPopup.swift in Sources */,
				066BCD6420CCC42E00A46E0C /* BlockConfig.swift in Sources */,
				066BCD6820CD9D6400A46E0C /* TutorialController.swift in Sources */,
				06DFE61C20A9239900633D78 /* LevelsViewController.swift in Sources */,
				066BCD6A20CD9D9200A46E0C /* TutorialView.swift in Sources */,
				06149F0D20BCE0F6009BCF58 /* BlockTwinkle.swift in Sources */,
				06BB07DE20A7D08C00895113 /* GameScene.swift in Sources */,
				0661095620D5D566001C30A8 /* MyFileManager.swift in Sources */,
				06BB07E020A7D08C00895113 /* GameViewController.swift in Sources */,
				06DFE61820A9110600633D78 /* Game.swift in Sources */,
				06DFE61A20A9144700633D78 /* Constant.swift in Sources */,
				061AF51A20DB4B9B00F459A2 /* FindBuckController.swift in Sources */,
				06BB07D820A7D08C00895113 /* AppDelegate.swift in Sources */,
				0698325420BC402700F0CC52 /* LevelsView.swift in Sources */,
				061AF51820DB1CB600F459A2 /* EasterEggController.swift in Sources */,
				0698324E20B5076700F0CC52 /* SingleObjective.swift in Sources */,
				061AF51620D9EC4100F459A2 /* SuccessView.swift in Sources */,
				06DFE61620A90D9200633D78 /* Block.swift in Sources */,
				061AF51220D5FFF200F459A2 /* Extensions.swift in Sources */,
				06BB07F120A7D11E00895113 /* Model.xcdatamodeld in Sources */,
				0698325220BAE81100F0CC52 /* Search.swift in Sources */,
				0698324920B3B4BB00F0CC52 /* ObjectiveView.swift in Sources */,
				061AF51420D6058000F459A2 /* Effects.swift in Sources */,
				06BB07F320A7D8C000895113 /* GameView.swift in Sources */,
			);
			runOnlyForDeploymentPostprocessing = 0;
		};
/* End PBXSourcesBuildPhase section */

/* Begin XCBuildConfiguration section */
		06BB07EA20A7D08E00895113 /* Debug */ = {
			isa = XCBuildConfiguration;
			buildSettings = {
				ALWAYS_SEARCH_USER_PATHS = NO;
				CLANG_ANALYZER_NONNULL = YES;
				CLANG_ANALYZER_NUMBER_OBJECT_CONVERSION = YES_AGGRESSIVE;
				CLANG_CXX_LANGUAGE_STANDARD = "gnu++14";
				CLANG_CXX_LIBRARY = "libc++";
				CLANG_ENABLE_MODULES = YES;
				CLANG_ENABLE_OBJC_ARC = YES;
				CLANG_ENABLE_OBJC_WEAK = YES;
				CLANG_WARN_BLOCK_CAPTURE_AUTORELEASING = YES;
				CLANG_WARN_BOOL_CONVERSION = YES;
				CLANG_WARN_COMMA = YES;
				CLANG_WARN_CONSTANT_CONVERSION = YES;
				CLANG_WARN_DEPRECATED_OBJC_IMPLEMENTATIONS = YES;
				CLANG_WARN_DIRECT_OBJC_ISA_USAGE = YES_ERROR;
				CLANG_WARN_DOCUMENTATION_COMMENTS = YES;
				CLANG_WARN_EMPTY_BODY = YES;
				CLANG_WARN_ENUM_CONVERSION = YES;
				CLANG_WARN_INFINITE_RECURSION = YES;
				CLANG_WARN_INT_CONVERSION = YES;
				CLANG_WARN_NON_LITERAL_NULL_CONVERSION = YES;
				CLANG_WARN_OBJC_IMPLICIT_RETAIN_SELF = YES;
				CLANG_WARN_OBJC_LITERAL_CONVERSION = YES;
				CLANG_WARN_OBJC_ROOT_CLASS = YES_ERROR;
				CLANG_WARN_RANGE_LOOP_ANALYSIS = YES;
				CLANG_WARN_STRICT_PROTOTYPES = YES;
				CLANG_WARN_SUSPICIOUS_MOVE = YES;
				CLANG_WARN_UNGUARDED_AVAILABILITY = YES_AGGRESSIVE;
				CLANG_WARN_UNREACHABLE_CODE = YES;
				CLANG_WARN__DUPLICATE_METHOD_MATCH = YES;
				CODE_SIGN_IDENTITY = "iPhone Developer";
				COPY_PHASE_STRIP = NO;
				DEBUG_INFORMATION_FORMAT = dwarf;
				ENABLE_STRICT_OBJC_MSGSEND = YES;
				ENABLE_TESTABILITY = YES;
				GCC_C_LANGUAGE_STANDARD = gnu11;
				GCC_DYNAMIC_NO_PIC = NO;
				GCC_NO_COMMON_BLOCKS = YES;
				GCC_OPTIMIZATION_LEVEL = 0;
				GCC_PREPROCESSOR_DEFINITIONS = (
					"DEBUG=1",
					"$(inherited)",
				);
				GCC_WARN_64_TO_32_BIT_CONVERSION = YES;
				GCC_WARN_ABOUT_RETURN_TYPE = YES_ERROR;
				GCC_WARN_UNDECLARED_SELECTOR = YES;
				GCC_WARN_UNINITIALIZED_AUTOS = YES_AGGRESSIVE;
				GCC_WARN_UNUSED_FUNCTION = YES;
				GCC_WARN_UNUSED_VARIABLE = YES;
				IPHONEOS_DEPLOYMENT_TARGET = 11.3;
				MTL_ENABLE_DEBUG_INFO = YES;
				ONLY_ACTIVE_ARCH = YES;
				SDKROOT = iphoneos;
				SWIFT_ACTIVE_COMPILATION_CONDITIONS = DEBUG;
				SWIFT_OPTIMIZATION_LEVEL = "-Onone";
			};
			name = Debug;
		};
		06BB07EB20A7D08E00895113 /* Release */ = {
			isa = XCBuildConfiguration;
			buildSettings = {
				ALWAYS_SEARCH_USER_PATHS = NO;
				CLANG_ANALYZER_NONNULL = YES;
				CLANG_ANALYZER_NUMBER_OBJECT_CONVERSION = YES_AGGRESSIVE;
				CLANG_CXX_LANGUAGE_STANDARD = "gnu++14";
				CLANG_CXX_LIBRARY = "libc++";
				CLANG_ENABLE_MODULES = YES;
				CLANG_ENABLE_OBJC_ARC = YES;
				CLANG_ENABLE_OBJC_WEAK = YES;
				CLANG_WARN_BLOCK_CAPTURE_AUTORELEASING = YES;
				CLANG_WARN_BOOL_CONVERSION = YES;
				CLANG_WARN_COMMA = YES;
				CLANG_WARN_CONSTANT_CONVERSION = YES;
				CLANG_WARN_DEPRECATED_OBJC_IMPLEMENTATIONS = YES;
				CLANG_WARN_DIRECT_OBJC_ISA_USAGE = YES_ERROR;
				CLANG_WARN_DOCUMENTATION_COMMENTS = YES;
				CLANG_WARN_EMPTY_BODY = YES;
				CLANG_WARN_ENUM_CONVERSION = YES;
				CLANG_WARN_INFINITE_RECURSION = YES;
				CLANG_WARN_INT_CONVERSION = YES;
				CLANG_WARN_NON_LITERAL_NULL_CONVERSION = YES;
				CLANG_WARN_OBJC_IMPLICIT_RETAIN_SELF = YES;
				CLANG_WARN_OBJC_LITERAL_CONVERSION = YES;
				CLANG_WARN_OBJC_ROOT_CLASS = YES_ERROR;
				CLANG_WARN_RANGE_LOOP_ANALYSIS = YES;
				CLANG_WARN_STRICT_PROTOTYPES = YES;
				CLANG_WARN_SUSPICIOUS_MOVE = YES;
				CLANG_WARN_UNGUARDED_AVAILABILITY = YES_AGGRESSIVE;
				CLANG_WARN_UNREACHABLE_CODE = YES;
				CLANG_WARN__DUPLICATE_METHOD_MATCH = YES;
				CODE_SIGN_IDENTITY = "iPhone Developer";
				COPY_PHASE_STRIP = NO;
				DEBUG_INFORMATION_FORMAT = "dwarf-with-dsym";
				ENABLE_NS_ASSERTIONS = NO;
				ENABLE_STRICT_OBJC_MSGSEND = YES;
				GCC_C_LANGUAGE_STANDARD = gnu11;
				GCC_NO_COMMON_BLOCKS = YES;
				GCC_WARN_64_TO_32_BIT_CONVERSION = YES;
				GCC_WARN_ABOUT_RETURN_TYPE = YES_ERROR;
				GCC_WARN_UNDECLARED_SELECTOR = YES;
				GCC_WARN_UNINITIALIZED_AUTOS = YES_AGGRESSIVE;
				GCC_WARN_UNUSED_FUNCTION = YES;
				GCC_WARN_UNUSED_VARIABLE = YES;
				IPHONEOS_DEPLOYMENT_TARGET = 11.3;
				MTL_ENABLE_DEBUG_INFO = NO;
				SDKROOT = iphoneos;
				SWIFT_COMPILATION_MODE = wholemodule;
				SWIFT_OPTIMIZATION_LEVEL = "-O";
				VALIDATE_PRODUCT = YES;
			};
			name = Release;
		};
		06BB07ED20A7D08E00895113 /* Debug */ = {
			isa = XCBuildConfiguration;
			baseConfigurationReference = B3BFB845D5D766F461457524 /* Pods-BlueBuck.debug.xcconfig */;
			buildSettings = {
				ASSETCATALOG_COMPILER_APPICON_NAME = AppIcon;
				ASSETCATALOG_COMPILER_LAUNCHIMAGE_NAME = LaunchImage;
				CODE_SIGN_STYLE = Automatic;
				DEVELOPMENT_TEAM = H7YBLWSAMD;
				INFOPLIST_FILE = BlueBuck/Info.plist;
				LD_RUNPATH_SEARCH_PATHS = (
					"$(inherited)",
					"@executable_path/Frameworks",
				);
				PRODUCT_BUNDLE_IDENTIFIER = com.Halvorsen.BlueBuck;
				PRODUCT_NAME = "$(TARGET_NAME)";
				SWIFT_VERSION = 4.0;
				TARGETED_DEVICE_FAMILY = 1;
			};
			name = Debug;
		};
		06BB07EE20A7D08E00895113 /* Release */ = {
			isa = XCBuildConfiguration;
			baseConfigurationReference = BD4CBB0F9B782CB77B18F036 /* Pods-BlueBuck.release.xcconfig */;
			buildSettings = {
				ASSETCATALOG_COMPILER_APPICON_NAME = AppIcon;
				ASSETCATALOG_COMPILER_LAUNCHIMAGE_NAME = LaunchImage;
				CODE_SIGN_STYLE = Automatic;
				DEVELOPMENT_TEAM = H7YBLWSAMD;
				INFOPLIST_FILE = BlueBuck/Info.plist;
				LD_RUNPATH_SEARCH_PATHS = (
					"$(inherited)",
					"@executable_path/Frameworks",
				);
				PRODUCT_BUNDLE_IDENTIFIER = com.Halvorsen.BlueBuck;
				PRODUCT_NAME = "$(TARGET_NAME)";
				SWIFT_VERSION = 4.0;
				TARGETED_DEVICE_FAMILY = 1;
			};
			name = Release;
		};
/* End XCBuildConfiguration section */

/* Begin XCConfigurationList section */
		06BB07CF20A7D08C00895113 /* Build configuration list for PBXProject "BlueBuck" */ = {
			isa = XCConfigurationList;
			buildConfigurations = (
				06BB07EA20A7D08E00895113 /* Debug */,
				06BB07EB20A7D08E00895113 /* Release */,
			);
			defaultConfigurationIsVisible = 0;
			defaultConfigurationName = Release;
		};
		06BB07EC20A7D08E00895113 /* Build configuration list for PBXNativeTarget "BlueBuck" */ = {
			isa = XCConfigurationList;
			buildConfigurations = (
				06BB07ED20A7D08E00895113 /* Debug */,
				06BB07EE20A7D08E00895113 /* Release */,
			);
			defaultConfigurationIsVisible = 0;
			defaultConfigurationName = Release;
		};
/* End XCConfigurationList section */

/* Begin XCVersionGroup section */
		06BB07EF20A7D11E00895113 /* Model.xcdatamodeld */ = {
			isa = XCVersionGroup;
			children = (
				06BB07F020A7D11E00895113 /* Model.xcdatamodel */,
			);
			currentVersion = 06BB07F020A7D11E00895113 /* Model.xcdatamodel */;
			path = Model.xcdatamodeld;
			sourceTree = "<group>";
			versionGroupType = wrapper.xcdatamodel;
		};
/* End XCVersionGroup section */
	};
	rootObject = 06BB07CC20A7D08C00895113 /* Project object */;
}
